# THIS IS AN AUTOGENERATED FILE. DO NOT EDIT THIS FILE DIRECTLY.
# yarn lockfile v1


zenn-cli@^0.1.125:
  version "0.1.125"
  resolved "https://registry.yarnpkg.com/zenn-cli/-/zenn-cli-0.1.125.tgz#86ae2cdd143f111297fd5498c90ab66b7adf65a8"
  integrity sha512-ChV53yyQOltSIAbp+yjNSuloFbwNjlQtp0YfnLzIpqlnV1bdj0QgJtTSvVoC1LGcfa4cDGciR5d/pu/Si2WCbw==
