# THIS IS AN AUTOGENERATED FILE. DO NOT EDIT THIS FILE DIRECTLY.
# yarn lockfile v1


zenn-cli@^0.1.125:
  version "0.1.128"
  resolved "https://registry.yarnpkg.com/zenn-cli/-/zenn-cli-0.1.128.tgz#4a38ab91715457426501eefa5217703b58fce309"
  integrity sha512-0jAcuOPZUuRrL6Z72kRgvYGuewsCNe9CUmlOtEhBZD3pb71/SdNdJQVlUkRNi1TuZRvHnn8PnLPBDuqO9daGVw==
